// !$*UTF8*$!
{
	archiveVersion = 1;
	classes = {
	};
	objectVersion = 46;
	objects = {

/* Begin PBXBuildFile section */
		62249DDC1B1710FD00ED1E23 /* ColorTrackingViewController.m in Sources */ = {isa = PBXBuildFile; fileRef = 62249DDB1B1710FD00ED1E23 /* ColorTrackingViewController.m */; };
		62249DE11B17131700ED1E23 /* GradientPolylineOverlay.m in Sources */ = {isa = PBXBuildFile; fileRef = 62249DDE1B17131700ED1E23 /* GradientPolylineOverlay.m */; };
		62249DE21B17131700ED1E23 /* GradientPolylineRenderer.m in Sources */ = {isa = PBXBuildFile; fileRef = 62249DE01B17131700ED1E23 /* GradientPolylineRenderer.m */; };
		62249DE41B17132100ED1E23 /* record.txt in Resources */ = {isa = PBXBuildFile; fileRef = 62249DE31B17132100ED1E23 /* record.txt */; };
		62446F2B1AF9DDCF0020FBE4 /* APIKeyConfig.m in Sources */ = {isa = PBXBuildFile; fileRef = 62446F281AF9DDCF0020FBE4 /* APIKeyConfig.m */; };
		62446F2C1AF9DDCF0020FBE4 /* MAMapKit.framework in Frameworks */ = {isa = PBXBuildFile; fileRef = 62446F291AF9DDCF0020FBE4 /* MAMapKit.framework */; };
		62446F2F1AF9DDF70020FBE4 /* CustomAnnotation.m in Sources */ = {isa = PBXBuildFile; fileRef = 62446F2E1AF9DDF70020FBE4 /* CustomAnnotation.m */; };
		62446F331AF9E3B90020FBE4 /* CustomAnnotationView.m in Sources */ = {isa = PBXBuildFile; fileRef = 62446F321AF9E3B90020FBE4 /* CustomAnnotationView.m */; };
		62446F361AF9E3F30020FBE4 /* CustomCalloutView.m in Sources */ = {isa = PBXBuildFile; fileRef = 62446F351AF9E3F30020FBE4 /* CustomCalloutView.m */; };
		62446F391AF9E67A0020FBE4 /* RunMember.m in Sources */ = {isa = PBXBuildFile; fileRef = 62446F381AF9E67A0020FBE4 /* RunMember.m */; };
		62446F3C1AF9EC870020FBE4 /* MAMemberAnnotation.m in Sources */ = {isa = PBXBuildFile; fileRef = 62446F3B1AF9EC870020FBE4 /* MAMemberAnnotation.m */; };
		62446F421AF9F3D30020FBE4 /* RootViewController.m in Sources */ = {isa = PBXBuildFile; fileRef = 62446F411AF9F3D30020FBE4 /* RootViewController.m */; };
		62446F451AF9F7E90020FBE4 /* MoveViewController.m in Sources */ = {isa = PBXBuildFile; fileRef = 62446F441AF9F7E90020FBE4 /* MoveViewController.m */; };
		62446F481AF9F7FA0020FBE4 /* TrackViewController.m in Sources */ = {isa = PBXBuildFile; fileRef = 62446F471AF9F7FA0020FBE4 /* TrackViewController.m */; };
		62446F4B1AF9FE840020FBE4 /* Tracking.m in Sources */ = {isa = PBXBuildFile; fileRef = 62446F4A1AF9FE840020FBE4 /* Tracking.m */; };
		62446F4E1AF9FEEF0020FBE4 /* CustomTracking.m in Sources */ = {isa = PBXBuildFile; fileRef = 62446F4D1AF9FEEF0020FBE4 /* CustomTracking.m */; };
		62446F501AFA02980020FBE4 /* GuGong.tracking in Resources */ = {isa = PBXBuildFile; fileRef = 62446F4F1AFA02980020FBE4 /* GuGong.tracking */; };
		6279CF3C1B04326B00199EBA /* AMap.bundle in Resources */ = {isa = PBXBuildFile; fileRef = 6279CF3B1B04326B00199EBA /* AMap.bundle */; };
		62EBC3981B1854E7001436FC /* SMLocationManager.m in Sources */ = {isa = PBXBuildFile; fileRef = 62EBC3971B1854E7001436FC /* SMLocationManager.m */; };
		62EF9F681AFB089D00B635E0 /* CustomMoving.m in Sources */ = {isa = PBXBuildFile; fileRef = 62EF9F671AFB089D00B635E0 /* CustomMoving.m */; };
		62F952691AF9AD4900D63977 /* main.m in Sources */ = {isa = PBXBuildFile; fileRef = 62F952681AF9AD4900D63977 /* main.m */; };
		62F9526C1AF9AD4900D63977 /* AppDelegate.m in Sources */ = {isa = PBXBuildFile; fileRef = 62F9526B1AF9AD4900D63977 /* AppDelegate.m */; };
		62F9526F1AF9AD4900D63977 /* MembersViewController.m in Sources */ = {isa = PBXBuildFile; fileRef = 62F9526E1AF9AD4900D63977 /* MembersViewController.m */; };
		62F952721AF9AD4900D63977 /* Main.storyboard in Resources */ = {isa = PBXBuildFile; fileRef = 62F952701AF9AD4900D63977 /* Main.storyboard */; };
		62F952741AF9AD4900D63977 /* Images.xcassets in Resources */ = {isa = PBXBuildFile; fileRef = 62F952731AF9AD4900D63977 /* Images.xcassets */; };
		62F952771AF9AD4900D63977 /* LaunchScreen.xib in Resources */ = {isa = PBXBuildFile; fileRef = 62F952751AF9AD4900D63977 /* LaunchScreen.xib */; };
		62F952831AF9AD4900D63977 /* MapTrackTests.m in Sources */ = {isa = PBXBuildFile; fileRef = 62F952821AF9AD4900D63977 /* MapTrackTests.m */; };
		62F952951AF9BD6800D63977 /* UIKit.framework in Frameworks */ = {isa = PBXBuildFile; fileRef = 62F952941AF9BD6800D63977 /* UIKit.framework */; };
		62F952971AF9BD7000D63977 /* Foundation.framework in Frameworks */ = {isa = PBXBuildFile; fileRef = 62F952961AF9BD7000D63977 /* Foundation.framework */; };
		62F952991AF9BD7A00D63977 /* CoreGraphics.framework in Frameworks */ = {isa = PBXBuildFile; fileRef = 62F952981AF9BD7A00D63977 /* CoreGraphics.framework */; };
		62F9529B1AF9BD9400D63977 /* QuartzCore.framework in Frameworks */ = {isa = PBXBuildFile; fileRef = 62F9529A1AF9BD9400D63977 /* QuartzCore.framework */; };
		62F9529D1AF9BD9F00D63977 /* CoreLocation.framework in Frameworks */ = {isa = PBXBuildFile; fileRef = 62F9529C1AF9BD9F00D63977 /* CoreLocation.framework */; };
		62F9529F1AF9BDA800D63977 /* CoreTelephony.framework in Frameworks */ = {isa = PBXBuildFile; fileRef = 62F9529E1AF9BDA800D63977 /* CoreTelephony.framework */; };
		62F952A11AF9BDB500D63977 /* SystemConfiguration.framework in Frameworks */ = {isa = PBXBuildFile; fileRef = 62F952A01AF9BDB500D63977 /* SystemConfiguration.framework */; };
		62F952A31AF9BDC400D63977 /* libz.dylib in Frameworks */ = {isa = PBXBuildFile; fileRef = 62F952A21AF9BDC400D63977 /* libz.dylib */; };
		62F952A51AF9BDD100D63977 /* libstdc++.6.0.9.dylib in Frameworks */ = {isa = PBXBuildFile; fileRef = 62F952A41AF9BDD100D63977 /* libstdc++.6.0.9.dylib */; };
		62F952A71AF9BDDC00D63977 /* Security.framework in Frameworks */ = {isa = PBXBuildFile; fileRef = 62F952A61AF9BDDC00D63977 /* Security.framework */; };
/* End PBXBuildFile section */

/* Begin PBXContainerItemProxy section */
		62F9527D1AF9AD4900D63977 /* PBXContainerItemProxy */ = {
			isa = PBXContainerItemProxy;
			containerPortal = 62F9525B1AF9AD4900D63977 /* Project object */;
			proxyType = 1;
			remoteGlobalIDString = 62F952621AF9AD4900D63977;
			remoteInfo = MapTrack;
		};
/* End PBXContainerItemProxy section */

/* Begin PBXFileReference section */
		62249DDA1B1710FD00ED1E23 /* ColorTrackingViewController.h */ = {isa = PBXFileReference; fileEncoding = 4; lastKnownFileType = sourcecode.c.h; path = ColorTrackingViewController.h; sourceTree = "<group>"; };
		62249DDB1B1710FD00ED1E23 /* ColorTrackingViewController.m */ = {isa = PBXFileReference; fileEncoding = 4; lastKnownFileType = sourcecode.c.objc; path = ColorTrackingViewController.m; sourceTree = "<group>"; };
		62249DDD1B17131700ED1E23 /* GradientPolylineOverlay.h */ = {isa = PBXFileReference; fileEncoding = 4; lastKnownFileType = sourcecode.c.h; path = GradientPolylineOverlay.h; sourceTree = "<group>"; };
		62249DDE1B17131700ED1E23 /* GradientPolylineOverlay.m */ = {isa = PBXFileReference; fileEncoding = 4; lastKnownFileType = sourcecode.c.objc; path = GradientPolylineOverlay.m; sourceTree = "<group>"; };
		62249DDF1B17131700ED1E23 /* GradientPolylineRenderer.h */ = {isa = PBXFileReference; fileEncoding = 4; lastKnownFileType = sourcecode.c.h; path = GradientPolylineRenderer.h; sourceTree = "<group>"; };
		62249DE01B17131700ED1E23 /* GradientPolylineRenderer.m */ = {isa = PBXFileReference; fileEncoding = 4; lastKnownFileType = sourcecode.c.objc; path = GradientPolylineRenderer.m; sourceTree = "<group>"; };
		62249DE31B17132100ED1E23 /* record.txt */ = {isa = PBXFileReference; fileEncoding = 4; lastKnownFileType = text; path = record.txt; sourceTree = "<group>"; };
		62446F251AF9DDCF0020FBE4 /* MAAPIconfig.h */ = {isa = PBXFileReference; fileEncoding = 4; lastKnownFileType = sourcecode.c.h; path = MAAPIconfig.h; sourceTree = "<group>"; };
		62446F271AF9DDCF0020FBE4 /* APIKeyConfig.h */ = {isa = PBXFileReference; fileEncoding = 4; lastKnownFileType = sourcecode.c.h; path = APIKeyConfig.h; sourceTree = "<group>"; };
		62446F281AF9DDCF0020FBE4 /* APIKeyConfig.m */ = {isa = PBXFileReference; fileEncoding = 4; lastKnownFileType = sourcecode.c.objc; path = APIKeyConfig.m; sourceTree = "<group>"; };
		62446F291AF9DDCF0020FBE4 /* MAMapKit.framework */ = {isa = PBXFileReference; lastKnownFileType = wrapper.framework; path = MAMapKit.framework; sourceTree = "<group>"; };
		62446F2D1AF9DDF70020FBE4 /* CustomAnnotation.h */ = {isa = PBXFileReference; fileEncoding = 4; lastKnownFileType = sourcecode.c.h; path = CustomAnnotation.h; sourceTree = "<group>"; };
		62446F2E1AF9DDF70020FBE4 /* CustomAnnotation.m */ = {isa = PBXFileReference; fileEncoding = 4; lastKnownFileType = sourcecode.c.objc; path = CustomAnnotation.m; sourceTree = "<group>"; };
		62446F311AF9E3B90020FBE4 /* CustomAnnotationView.h */ = {isa = PBXFileReference; fileEncoding = 4; lastKnownFileType = sourcecode.c.h; path = CustomAnnotationView.h; sourceTree = "<group>"; };
		62446F321AF9E3B90020FBE4 /* CustomAnnotationView.m */ = {isa = PBXFileReference; fileEncoding = 4; lastKnownFileType = sourcecode.c.objc; path = CustomAnnotationView.m; sourceTree = "<group>"; };
		62446F341AF9E3F30020FBE4 /* CustomCalloutView.h */ = {isa = PBXFileReference; fileEncoding = 4; lastKnownFileType = sourcecode.c.h; path = CustomCalloutView.h; sourceTree = "<group>"; };
		62446F351AF9E3F30020FBE4 /* CustomCalloutView.m */ = {isa = PBXFileReference; fileEncoding = 4; lastKnownFileType = sourcecode.c.objc; path = CustomCalloutView.m; sourceTree = "<group>"; };
		62446F371AF9E67A0020FBE4 /* RunMember.h */ = {isa = PBXFileReference; fileEncoding = 4; lastKnownFileType = sourcecode.c.h; path = RunMember.h; sourceTree = "<group>"; };
		62446F381AF9E67A0020FBE4 /* RunMember.m */ = {isa = PBXFileReference; fileEncoding = 4; lastKnownFileType = sourcecode.c.objc; path = RunMember.m; sourceTree = "<group>"; };
		62446F3A1AF9EC870020FBE4 /* MAMemberAnnotation.h */ = {isa = PBXFileReference; fileEncoding = 4; lastKnownFileType = sourcecode.c.h; path = MAMemberAnnotation.h; sourceTree = "<group>"; };
		62446F3B1AF9EC870020FBE4 /* MAMemberAnnotation.m */ = {isa = PBXFileReference; fileEncoding = 4; lastKnownFileType = sourcecode.c.objc; path = MAMemberAnnotation.m; sourceTree = "<group>"; };
		62446F401AF9F3D30020FBE4 /* RootViewController.h */ = {isa = PBXFileReference; fileEncoding = 4; lastKnownFileType = sourcecode.c.h; path = RootViewController.h; sourceTree = "<group>"; };
		62446F411AF9F3D30020FBE4 /* RootViewController.m */ = {isa = PBXFileReference; fileEncoding = 4; lastKnownFileType = sourcecode.c.objc; path = RootViewController.m; sourceTree = "<group>"; };
		62446F431AF9F7E90020FBE4 /* MoveViewController.h */ = {isa = PBXFileReference; fileEncoding = 4; lastKnownFileType = sourcecode.c.h; path = MoveViewController.h; sourceTree = "<group>"; };
		62446F441AF9F7E90020FBE4 /* MoveViewController.m */ = {isa = PBXFileReference; fileEncoding = 4; lastKnownFileType = sourcecode.c.objc; path = MoveViewController.m; sourceTree = "<group>"; };
		62446F461AF9F7FA0020FBE4 /* TrackViewController.h */ = {isa = PBXFileReference; fileEncoding = 4; lastKnownFileType = sourcecode.c.h; path = TrackViewController.h; sourceTree = "<group>"; };
		62446F471AF9F7FA0020FBE4 /* TrackViewController.m */ = {isa = PBXFileReference; fileEncoding = 4; lastKnownFileType = sourcecode.c.objc; path = TrackViewController.m; sourceTree = "<group>"; };
		62446F491AF9FE840020FBE4 /* Tracking.h */ = {isa = PBXFileReference; fileEncoding = 4; lastKnownFileType = sourcecode.c.h; path = Tracking.h; sourceTree = "<group>"; };
		62446F4A1AF9FE840020FBE4 /* Tracking.m */ = {isa = PBXFileReference; fileEncoding = 4; lastKnownFileType = sourcecode.c.objc; path = Tracking.m; sourceTree = "<group>"; };
		62446F4C1AF9FEEF0020FBE4 /* CustomTracking.h */ = {isa = PBXFileReference; fileEncoding = 4; lastKnownFileType = sourcecode.c.h; path = CustomTracking.h; sourceTree = "<group>"; };
		62446F4D1AF9FEEF0020FBE4 /* CustomTracking.m */ = {isa = PBXFileReference; fileEncoding = 4; lastKnownFileType = sourcecode.c.objc; path = CustomTracking.m; sourceTree = "<group>"; };
		62446F4F1AFA02980020FBE4 /* GuGong.tracking */ = {isa = PBXFileReference; lastKnownFileType = file; path = GuGong.tracking; sourceTree = "<group>"; };
		6279CF3B1B04326B00199EBA /* AMap.bundle */ = {isa = PBXFileReference; lastKnownFileType = "wrapper.plug-in"; name = AMap.bundle; path = MAMapKit.framework/Versions/2.5.0.ce99742/Resources/AMap.bundle; sourceTree = "<group>"; };
		62EBC3961B1854E7001436FC /* SMLocationManager.h */ = {isa = PBXFileReference; fileEncoding = 4; lastKnownFileType = sourcecode.c.h; path = SMLocationManager.h; sourceTree = "<group>"; };
		62EBC3971B1854E7001436FC /* SMLocationManager.m */ = {isa = PBXFileReference; fileEncoding = 4; lastKnownFileType = sourcecode.c.objc; path = SMLocationManager.m; sourceTree = "<group>"; };
		62EF9F661AFB089D00B635E0 /* CustomMoving.h */ = {isa = PBXFileReference; fileEncoding = 4; lastKnownFileType = sourcecode.c.h; path = CustomMoving.h; sourceTree = "<group>"; };
		62EF9F671AFB089D00B635E0 /* CustomMoving.m */ = {isa = PBXFileReference; fileEncoding = 4; lastKnownFileType = sourcecode.c.objc; path = CustomMoving.m; sourceTree = "<group>"; };
		62F952631AF9AD4900D63977 /* MapTrack.app */ = {isa = PBXFileReference; explicitFileType = wrapper.application; includeInIndex = 0; path = MapTrack.app; sourceTree = BUILT_PRODUCTS_DIR; };
		62F952671AF9AD4900D63977 /* Info.plist */ = {isa = PBXFileReference; lastKnownFileType = text.plist.xml; path = Info.plist; sourceTree = "<group>"; };
		62F952681AF9AD4900D63977 /* main.m */ = {isa = PBXFileReference; lastKnownFileType = sourcecode.c.objc; path = main.m; sourceTree = "<group>"; };
		62F9526A1AF9AD4900D63977 /* AppDelegate.h */ = {isa = PBXFileReference; lastKnownFileType = sourcecode.c.h; path = AppDelegate.h; sourceTree = "<group>"; };
		62F9526B1AF9AD4900D63977 /* AppDelegate.m */ = {isa = PBXFileReference; lastKnownFileType = sourcecode.c.objc; path = AppDelegate.m; sourceTree = "<group>"; };
		62F9526D1AF9AD4900D63977 /* MembersViewController.h */ = {isa = PBXFileReference; lastKnownFileType = sourcecode.c.h; path = MembersViewController.h; sourceTree = "<group>"; };
		62F9526E1AF9AD4900D63977 /* MembersViewController.m */ = {isa = PBXFileReference; lastKnownFileType = sourcecode.c.objc; path = MembersViewController.m; sourceTree = "<group>"; };
		62F952711AF9AD4900D63977 /* Base */ = {isa = PBXFileReference; lastKnownFileType = file.storyboard; name = Base; path = Base.lproj/Main.storyboard; sourceTree = "<group>"; };
		62F952731AF9AD4900D63977 /* Images.xcassets */ = {isa = PBXFileReference; lastKnownFileType = folder.assetcatalog; path = Images.xcassets; sourceTree = "<group>"; };
		62F952761AF9AD4900D63977 /* Base */ = {isa = PBXFileReference; lastKnownFileType = file.xib; name = Base; path = Base.lproj/LaunchScreen.xib; sourceTree = "<group>"; };
		62F9527C1AF9AD4900D63977 /* MapTrackTests.xctest */ = {isa = PBXFileReference; explicitFileType = wrapper.cfbundle; includeInIndex = 0; path = MapTrackTests.xctest; sourceTree = BUILT_PRODUCTS_DIR; };
		62F952811AF9AD4900D63977 /* Info.plist */ = {isa = PBXFileReference; lastKnownFileType = text.plist.xml; path = Info.plist; sourceTree = "<group>"; };
		62F952821AF9AD4900D63977 /* MapTrackTests.m */ = {isa = PBXFileReference; lastKnownFileType = sourcecode.c.objc; path = MapTrackTests.m; sourceTree = "<group>"; };
		62F952941AF9BD6800D63977 /* UIKit.framework */ = {isa = PBXFileReference; lastKnownFileType = wrapper.framework; name = UIKit.framework; path = System/Library/Frameworks/UIKit.framework; sourceTree = SDKROOT; };
		62F952961AF9BD7000D63977 /* Foundation.framework */ = {isa = PBXFileReference; lastKnownFileType = wrapper.framework; name = Foundation.framework; path = System/Library/Frameworks/Foundation.framework; sourceTree = SDKROOT; };
		62F952981AF9BD7A00D63977 /* CoreGraphics.framework */ = {isa = PBXFileReference; lastKnownFileType = wrapper.framework; name = CoreGraphics.framework; path = System/Library/Frameworks/CoreGraphics.framework; sourceTree = SDKROOT; };
		62F9529A1AF9BD9400D63977 /* QuartzCore.framework */ = {isa = PBXFileReference; lastKnownFileType = wrapper.framework; name = QuartzCore.framework; path = System/Library/Frameworks/QuartzCore.framework; sourceTree = SDKROOT; };
		62F9529C1AF9BD9F00D63977 /* CoreLocation.framework */ = {isa = PBXFileReference; lastKnownFileType = wrapper.framework; name = CoreLocation.framework; path = System/Library/Frameworks/CoreLocation.framework; sourceTree = SDKROOT; };
		62F9529E1AF9BDA800D63977 /* CoreTelephony.framework */ = {isa = PBXFileReference; lastKnownFileType = wrapper.framework; name = CoreTelephony.framework; path = System/Library/Frameworks/CoreTelephony.framework; sourceTree = SDKROOT; };
		62F952A01AF9BDB500D63977 /* SystemConfiguration.framework */ = {isa = PBXFileReference; lastKnownFileType = wrapper.framework; name = SystemConfiguration.framework; path = System/Library/Frameworks/SystemConfiguration.framework; sourceTree = SDKROOT; };
		62F952A21AF9BDC400D63977 /* libz.dylib */ = {isa = PBXFileReference; lastKnownFileType = "compiled.mach-o.dylib"; name = libz.dylib; path = usr/lib/libz.dylib; sourceTree = SDKROOT; };
		62F952A41AF9BDD100D63977 /* libstdc++.6.0.9.dylib */ = {isa = PBXFileReference; lastKnownFileType = "compiled.mach-o.dylib"; name = "libstdc++.6.0.9.dylib"; path = "usr/lib/libstdc++.6.0.9.dylib"; sourceTree = SDKROOT; };
		62F952A61AF9BDDC00D63977 /* Security.framework */ = {isa = PBXFileReference; lastKnownFileType = wrapper.framework; name = Security.framework; path = System/Library/Frameworks/Security.framework; sourceTree = SDKROOT; };
/* End PBXFileReference section */

/* Begin PBXFrameworksBuildPhase section */
		62F952601AF9AD4900D63977 /* Frameworks */ = {
			isa = PBXFrameworksBuildPhase;
			buildActionMask = 2147483647;
			files = (
				62F952A71AF9BDDC00D63977 /* Security.framework in Frameworks */,
				62F952A51AF9BDD100D63977 /* libstdc++.6.0.9.dylib in Frameworks */,
				62446F2C1AF9DDCF0020FBE4 /* MAMapKit.framework in Frameworks */,
				62F952A31AF9BDC400D63977 /* libz.dylib in Frameworks */,
				62F952A11AF9BDB500D63977 /* SystemConfiguration.framework in Frameworks */,
				62F9529F1AF9BDA800D63977 /* CoreTelephony.framework in Frameworks */,
				62F9529D1AF9BD9F00D63977 /* CoreLocation.framework in Frameworks */,
				62F9529B1AF9BD9400D63977 /* QuartzCore.framework in Frameworks */,
				62F952991AF9BD7A00D63977 /* CoreGraphics.framework in Frameworks */,
				62F952971AF9BD7000D63977 /* Foundation.framework in Frameworks */,
				62F952951AF9BD6800D63977 /* UIKit.framework in Frameworks */,
			);
			runOnlyForDeploymentPostprocessing = 0;
		};
		62F952791AF9AD4900D63977 /* Frameworks */ = {
			isa = PBXFrameworksBuildPhase;
			buildActionMask = 2147483647;
			files = (
			);
			runOnlyForDeploymentPostprocessing = 0;
		};
/* End PBXFrameworksBuildPhase section */

/* Begin PBXGroup section */
		62446F231AF9DDCF0020FBE4 /* MAMapKit */ = {
			isa = PBXGroup;
			children = (
				62446F4F1AFA02980020FBE4 /* GuGong.tracking */,
				6279CF3B1B04326B00199EBA /* AMap.bundle */,
				62446F291AF9DDCF0020FBE4 /* MAMapKit.framework */,
				62446F241AF9DDCF0020FBE4 /* Config */,
				62446F261AF9DDCF0020FBE4 /* Helpers */,
				62446F2A1AF9DDCF0020FBE4 /* Models */,
			);
			path = MAMapKit;
			sourceTree = "<group>";
		};
		62446F241AF9DDCF0020FBE4 /* Config */ = {
			isa = PBXGroup;
			children = (
				62446F251AF9DDCF0020FBE4 /* MAAPIconfig.h */,
			);
			path = Config;
			sourceTree = "<group>";
		};
		62446F261AF9DDCF0020FBE4 /* Helpers */ = {
			isa = PBXGroup;
			children = (
				62446F271AF9DDCF0020FBE4 /* APIKeyConfig.h */,
				62446F281AF9DDCF0020FBE4 /* APIKeyConfig.m */,
			);
			path = Helpers;
			sourceTree = "<group>";
		};
		62446F2A1AF9DDCF0020FBE4 /* Models */ = {
			isa = PBXGroup;
			children = (
				62446F491AF9FE840020FBE4 /* Tracking.h */,
				62446F4A1AF9FE840020FBE4 /* Tracking.m */,
				62446F371AF9E67A0020FBE4 /* RunMember.h */,
				62446F381AF9E67A0020FBE4 /* RunMember.m */,
				62446F3A1AF9EC870020FBE4 /* MAMemberAnnotation.h */,
				62446F3B1AF9EC870020FBE4 /* MAMemberAnnotation.m */,
				62446F4C1AF9FEEF0020FBE4 /* CustomTracking.h */,
				62446F4D1AF9FEEF0020FBE4 /* CustomTracking.m */,
				62446F2D1AF9DDF70020FBE4 /* CustomAnnotation.h */,
				62446F2E1AF9DDF70020FBE4 /* CustomAnnotation.m */,
				62EF9F661AFB089D00B635E0 /* CustomMoving.h */,
				62EF9F671AFB089D00B635E0 /* CustomMoving.m */,
				62249DDD1B17131700ED1E23 /* GradientPolylineOverlay.h */,
				62249DDE1B17131700ED1E23 /* GradientPolylineOverlay.m */,
				62249DDF1B17131700ED1E23 /* GradientPolylineRenderer.h */,
				62249DE01B17131700ED1E23 /* GradientPolylineRenderer.m */,
			);
			path = Models;
			sourceTree = "<group>";
		};
		62446F301AF9E3B00020FBE4 /* Views */ = {
			isa = PBXGroup;
			children = (
				62446F341AF9E3F30020FBE4 /* CustomCalloutView.h */,
				62446F351AF9E3F30020FBE4 /* CustomCalloutView.m */,
				62446F311AF9E3B90020FBE4 /* CustomAnnotationView.h */,
				62446F321AF9E3B90020FBE4 /* CustomAnnotationView.m */,
			);
			name = Views;
			path = MAMapKit/Views;
			sourceTree = "<group>";
		};
		62EBC3951B18546B001436FC /* SMLocationManger */ = {
			isa = PBXGroup;
			children = (
				62EBC3961B1854E7001436FC /* SMLocationManager.h */,
				62EBC3971B1854E7001436FC /* SMLocationManager.m */,
			);
			path = SMLocationManger;
			sourceTree = "<group>";
		};
		62F9525A1AF9AD4900D63977 = {
			isa = PBXGroup;
			children = (
				62F952A61AF9BDDC00D63977 /* Security.framework */,
				62F952A41AF9BDD100D63977 /* libstdc++.6.0.9.dylib */,
				62F952A21AF9BDC400D63977 /* libz.dylib */,
				62F952A01AF9BDB500D63977 /* SystemConfiguration.framework */,
				62F9529E1AF9BDA800D63977 /* CoreTelephony.framework */,
				62F9529C1AF9BD9F00D63977 /* CoreLocation.framework */,
				62F9529A1AF9BD9400D63977 /* QuartzCore.framework */,
				62F952981AF9BD7A00D63977 /* CoreGraphics.framework */,
				62F952961AF9BD7000D63977 /* Foundation.framework */,
				62F952941AF9BD6800D63977 /* UIKit.framework */,
				62F952651AF9AD4900D63977 /* MapTrack */,
				62F9527F1AF9AD4900D63977 /* MapTrackTests */,
				62F952641AF9AD4900D63977 /* Products */,
			);
			sourceTree = "<group>";
		};
		62F952641AF9AD4900D63977 /* Products */ = {
			isa = PBXGroup;
			children = (
				62F952631AF9AD4900D63977 /* MapTrack.app */,
				62F9527C1AF9AD4900D63977 /* MapTrackTests.xctest */,
			);
			name = Products;
			sourceTree = "<group>";
		};
		62F952651AF9AD4900D63977 /* MapTrack */ = {
			isa = PBXGroup;
			children = (
				62EBC3951B18546B001436FC /* SMLocationManger */,
				62446F301AF9E3B00020FBE4 /* Views */,
				62446F231AF9DDCF0020FBE4 /* MAMapKit */,
				62F9526A1AF9AD4900D63977 /* AppDelegate.h */,
				62F9526B1AF9AD4900D63977 /* AppDelegate.m */,
				62446F401AF9F3D30020FBE4 /* RootViewController.h */,
				62446F411AF9F3D30020FBE4 /* RootViewController.m */,
				62F9526D1AF9AD4900D63977 /* MembersViewController.h */,
				62F9526E1AF9AD4900D63977 /* MembersViewController.m */,
				62249DDA1B1710FD00ED1E23 /* ColorTrackingViewController.h */,
				62249DDB1B1710FD00ED1E23 /* ColorTrackingViewController.m */,
				62446F431AF9F7E90020FBE4 /* MoveViewController.h */,
				62446F441AF9F7E90020FBE4 /* MoveViewController.m */,
				62446F461AF9F7FA0020FBE4 /* TrackViewController.h */,
				62446F471AF9F7FA0020FBE4 /* TrackViewController.m */,
				62F952701AF9AD4900D63977 /* Main.storyboard */,
				62F952731AF9AD4900D63977 /* Images.xcassets */,
				62F952751AF9AD4900D63977 /* LaunchScreen.xib */,
				62F952661AF9AD4900D63977 /* Supporting Files */,
			);
			path = MapTrack;
			sourceTree = "<group>";
		};
		62F952661AF9AD4900D63977 /* Supporting Files */ = {
			isa = PBXGroup;
			children = (
				62249DE31B17132100ED1E23 /* record.txt */,
				62F952671AF9AD4900D63977 /* Info.plist */,
				62F952681AF9AD4900D63977 /* main.m */,
			);
			name = "Supporting Files";
			sourceTree = "<group>";
		};
		62F9527F1AF9AD4900D63977 /* MapTrackTests */ = {
			isa = PBXGroup;
			children = (
				62F952821AF9AD4900D63977 /* MapTrackTests.m */,
				62F952801AF9AD4900D63977 /* Supporting Files */,
			);
			path = MapTrackTests;
			sourceTree = "<group>";
		};
		62F952801AF9AD4900D63977 /* Supporting Files */ = {
			isa = PBXGroup;
			children = (
				62F952811AF9AD4900D63977 /* Info.plist */,
			);
			name = "Supporting Files";
			sourceTree = "<group>";
		};
/* End PBXGroup section */

/* Begin PBXNativeTarget section */
		62F952621AF9AD4900D63977 /* MapTrack */ = {
			isa = PBXNativeTarget;
			buildConfigurationList = 62F952861AF9AD4900D63977 /* Build configuration list for PBXNativeTarget "MapTrack" */;
			buildPhases = (
				62F9525F1AF9AD4900D63977 /* Sources */,
				62F952601AF9AD4900D63977 /* Frameworks */,
				62F952611AF9AD4900D63977 /* Resources */,
			);
			buildRules = (
			);
			dependencies = (
			);
			name = MapTrack;
			productName = MapTrack;
			productReference = 62F952631AF9AD4900D63977 /* MapTrack.app */;
			productType = "com.apple.product-type.application";
		};
		62F9527B1AF9AD4900D63977 /* MapTrackTests */ = {
			isa = PBXNativeTarget;
			buildConfigurationList = 62F952891AF9AD4900D63977 /* Build configuration list for PBXNativeTarget "MapTrackTests" */;
			buildPhases = (
				62F952781AF9AD4900D63977 /* Sources */,
				62F952791AF9AD4900D63977 /* Frameworks */,
				62F9527A1AF9AD4900D63977 /* Resources */,
			);
			buildRules = (
			);
			dependencies = (
				62F9527E1AF9AD4900D63977 /* PBXTargetDependency */,
			);
			name = MapTrackTests;
			productName = MapTrackTests;
			productReference = 62F9527C1AF9AD4900D63977 /* MapTrackTests.xctest */;
			productType = "com.apple.product-type.bundle.unit-test";
		};
/* End PBXNativeTarget section */

/* Begin PBXProject section */
		62F9525B1AF9AD4900D63977 /* Project object */ = {
			isa = PBXProject;
			attributes = {
				LastUpgradeCheck = 0630;
				ORGANIZATIONNAME = iStig;
				TargetAttributes = {
					62F952621AF9AD4900D63977 = {
						CreatedOnToolsVersion = 6.3;
					};
					62F9527B1AF9AD4900D63977 = {
						CreatedOnToolsVersion = 6.3;
						TestTargetID = 62F952621AF9AD4900D63977;
					};
				};
			};
			buildConfigurationList = 62F9525E1AF9AD4900D63977 /* Build configuration list for PBXProject "MapTrack" */;
			compatibilityVersion = "Xcode 3.2";
			developmentRegion = English;
			hasScannedForEncodings = 0;
			knownRegions = (
				en,
				Base,
			);
			mainGroup = 62F9525A1AF9AD4900D63977;
			productRefGroup = 62F952641AF9AD4900D63977 /* Products */;
			projectDirPath = "";
			projectRoot = "";
			targets = (
				62F952621AF9AD4900D63977 /* MapTrack */,
				62F9527B1AF9AD4900D63977 /* MapTrackTests */,
			);
		};
/* End PBXProject section */

/* Begin PBXResourcesBuildPhase section */
		62F952611AF9AD4900D63977 /* Resources */ = {
			isa = PBXResourcesBuildPhase;
			buildActionMask = 2147483647;
			files = (
				6279CF3C1B04326B00199EBA /* AMap.bundle in Resources */,
				62F952721AF9AD4900D63977 /* Main.storyboard in Resources */,
				62F952771AF9AD4900D63977 /* LaunchScreen.xib in Resources */,
				62249DE41B17132100ED1E23 /* record.txt in Resources */,
				62F952741AF9AD4900D63977 /* Images.xcassets in Resources */,
				62446F501AFA02980020FBE4 /* GuGong.tracking in Resources */,
			);
			runOnlyForDeploymentPostprocessing = 0;
		};
		62F9527A1AF9AD4900D63977 /* Resources */ = {
			isa = PBXResourcesBuildPhase;
			buildActionMask = 2147483647;
			files = (
			);
			runOnlyForDeploymentPostprocessing = 0;
		};
/* End PBXResourcesBuildPhase section */

/* Begin PBXSourcesBuildPhase section */
		62F9525F1AF9AD4900D63977 /* Sources */ = {
			isa = PBXSourcesBuildPhase;
			buildActionMask = 2147483647;
			files = (
				62EF9F681AFB089D00B635E0 /* CustomMoving.m in Sources */,
				62446F331AF9E3B90020FBE4 /* CustomAnnotationView.m in Sources */,
				62446F361AF9E3F30020FBE4 /* CustomCalloutView.m in Sources */,
				62446F451AF9F7E90020FBE4 /* MoveViewController.m in Sources */,
				62F9526F1AF9AD4900D63977 /* MembersViewController.m in Sources */,
				62446F391AF9E67A0020FBE4 /* RunMember.m in Sources */,
				62EBC3981B1854E7001436FC /* SMLocationManager.m in Sources */,
				62446F421AF9F3D30020FBE4 /* RootViewController.m in Sources */,
				62F9526C1AF9AD4900D63977 /* AppDelegate.m in Sources */,
				62446F4E1AF9FEEF0020FBE4 /* CustomTracking.m in Sources */,
				62249DDC1B1710FD00ED1E23 /* ColorTrackingViewController.m in Sources */,
				62249DE21B17131700ED1E23 /* GradientPolylineRenderer.m in Sources */,
				62446F2B1AF9DDCF0020FBE4 /* APIKeyConfig.m in Sources */,
				62446F4B1AF9FE840020FBE4 /* Tracking.m in Sources */,
				62249DE11B17131700ED1E23 /* GradientPolylineOverlay.m in Sources */,
				62446F481AF9F7FA0020FBE4 /* TrackViewController.m in Sources */,
				62446F2F1AF9DDF70020FBE4 /* CustomAnnotation.m in Sources */,
				62F952691AF9AD4900D63977 /* main.m in Sources */,
				62446F3C1AF9EC870020FBE4 /* MAMemberAnnotation.m in Sources */,
			);
			runOnlyForDeploymentPostprocessing = 0;
		};
		62F952781AF9AD4900D63977 /* Sources */ = {
			isa = PBXSourcesBuildPhase;
			buildActionMask = 2147483647;
			files = (
				62F952831AF9AD4900D63977 /* MapTrackTests.m in Sources */,
			);
			runOnlyForDeploymentPostprocessing = 0;
		};
/* End PBXSourcesBuildPhase section */

/* Begin PBXTargetDependency section */
		62F9527E1AF9AD4900D63977 /* PBXTargetDependency */ = {
			isa = PBXTargetDependency;
			target = 62F952621AF9AD4900D63977 /* MapTrack */;
			targetProxy = 62F9527D1AF9AD4900D63977 /* PBXContainerItemProxy */;
		};
/* End PBXTargetDependency section */

/* Begin PBXVariantGroup section */
		62F952701AF9AD4900D63977 /* Main.storyboard */ = {
			isa = PBXVariantGroup;
			children = (
				62F952711AF9AD4900D63977 /* Base */,
			);
			name = Main.storyboard;
			sourceTree = "<group>";
		};
		62F952751AF9AD4900D63977 /* LaunchScreen.xib */ = {
			isa = PBXVariantGroup;
			children = (
				62F952761AF9AD4900D63977 /* Base */,
			);
			name = LaunchScreen.xib;
			sourceTree = "<group>";
		};
/* End PBXVariantGroup section */

/* Begin XCBuildConfiguration section */
		62F952841AF9AD4900D63977 /* Debug */ = {
			isa = XCBuildConfiguration;
			buildSettings = {
				ALWAYS_SEARCH_USER_PATHS = NO;
				CLANG_CXX_LANGUAGE_STANDARD = "gnu++0x";
				CLANG_CXX_LIBRARY = "libc++";
				CLANG_ENABLE_MODULES = YES;
				CLANG_ENABLE_OBJC_ARC = YES;
				CLANG_WARN_BOOL_CONVERSION = YES;
				CLANG_WARN_CONSTANT_CONVERSION = YES;
				CLANG_WARN_DIRECT_OBJC_ISA_USAGE = YES_ERROR;
				CLANG_WARN_EMPTY_BODY = YES;
				CLANG_WARN_ENUM_CONVERSION = YES;
				CLANG_WARN_INT_CONVERSION = YES;
				CLANG_WARN_OBJC_ROOT_CLASS = YES_ERROR;
				CLANG_WARN_UNREACHABLE_CODE = YES;
				CLANG_WARN__DUPLICATE_METHOD_MATCH = YES;
				"CODE_SIGN_IDENTITY[sdk=iphoneos*]" = "iPhone Developer";
				COPY_PHASE_STRIP = NO;
				DEBUG_INFORMATION_FORMAT = "dwarf-with-dsym";
				ENABLE_STRICT_OBJC_MSGSEND = YES;
				GCC_C_LANGUAGE_STANDARD = gnu99;
				GCC_DYNAMIC_NO_PIC = NO;
				GCC_NO_COMMON_BLOCKS = YES;
				GCC_OPTIMIZATION_LEVEL = 0;
				GCC_PREPROCESSOR_DEFINITIONS = (
					"DEBUG=1",
					"$(inherited)",
				);
				GCC_SYMBOLS_PRIVATE_EXTERN = NO;
				GCC_WARN_64_TO_32_BIT_CONVERSION = YES;
				GCC_WARN_ABOUT_RETURN_TYPE = YES_ERROR;
				GCC_WARN_UNDECLARED_SELECTOR = YES;
				GCC_WARN_UNINITIALIZED_AUTOS = YES_AGGRESSIVE;
				GCC_WARN_UNUSED_FUNCTION = YES;
				GCC_WARN_UNUSED_VARIABLE = YES;
				IPHONEOS_DEPLOYMENT_TARGET = 8.3;
				MTL_ENABLE_DEBUG_INFO = YES;
				ONLY_ACTIVE_ARCH = YES;
				SDKROOT = iphoneos;
			};
			name = Debug;
		};
		62F952851AF9AD4900D63977 /* Release */ = {
			isa = XCBuildConfiguration;
			buildSettings = {
				ALWAYS_SEARCH_USER_PATHS = NO;
				CLANG_CXX_LANGUAGE_STANDARD = "gnu++0x";
				CLANG_CXX_LIBRARY = "libc++";
				CLANG_ENABLE_MODULES = YES;
				CLANG_ENABLE_OBJC_ARC = YES;
				CLANG_WARN_BOOL_CONVERSION = YES;
				CLANG_WARN_CONSTANT_CONVERSION = YES;
				CLANG_WARN_DIRECT_OBJC_ISA_USAGE = YES_ERROR;
				CLANG_WARN_EMPTY_BODY = YES;
				CLANG_WARN_ENUM_CONVERSION = YES;
				CLANG_WARN_INT_CONVERSION = YES;
				CLANG_WARN_OBJC_ROOT_CLASS = YES_ERROR;
				CLANG_WARN_UNREACHABLE_CODE = YES;
				CLANG_WARN__DUPLICATE_METHOD_MATCH = YES;
				"CODE_SIGN_IDENTITY[sdk=iphoneos*]" = "iPhone Developer";
				COPY_PHASE_STRIP = NO;
				DEBUG_INFORMATION_FORMAT = "dwarf-with-dsym";
				ENABLE_NS_ASSERTIONS = NO;
				ENABLE_STRICT_OBJC_MSGSEND = YES;
				GCC_C_LANGUAGE_STANDARD = gnu99;
				GCC_NO_COMMON_BLOCKS = YES;
				GCC_WARN_64_TO_32_BIT_CONVERSION = YES;
				GCC_WARN_ABOUT_RETURN_TYPE = YES_ERROR;
				GCC_WARN_UNDECLARED_SELECTOR = YES;
				GCC_WARN_UNINITIALIZED_AUTOS = YES_AGGRESSIVE;
				GCC_WARN_UNUSED_FUNCTION = YES;
				GCC_WARN_UNUSED_VARIABLE = YES;
				IPHONEOS_DEPLOYMENT_TARGET = 8.3;
				MTL_ENABLE_DEBUG_INFO = NO;
				SDKROOT = iphoneos;
				VALIDATE_PRODUCT = YES;
			};
			name = Release;
		};
		62F952871AF9AD4900D63977 /* Debug */ = {
			isa = XCBuildConfiguration;
			buildSettings = {
				ASSETCATALOG_COMPILER_APPICON_NAME = AppIcon;
				FRAMEWORK_SEARCH_PATHS = (
					"$(inherited)",
					"$(PROJECT_DIR)/MapTrack/MAMapKit",
				);
				INFOPLIST_FILE = MapTrack/Info.plist;
				LD_RUNPATH_SEARCH_PATHS = "$(inherited) @executable_path/Frameworks";
				PRODUCT_NAME = "$(TARGET_NAME)";
			};
			name = Debug;
		};
		62F952881AF9AD4900D63977 /* Release */ = {
			isa = XCBuildConfiguration;
			buildSettings = {
				ASSETCATALOG_COMPILER_APPICON_NAME = AppIcon;
				FRAMEWORK_SEARCH_PATHS = (
					"$(inherited)",
					"$(PROJECT_DIR)/MapTrack/MAMapKit",
				);
				INFOPLIST_FILE = MapTrack/Info.plist;
				LD_RUNPATH_SEARCH_PATHS = "$(inherited) @executable_path/Frameworks";
				PRODUCT_NAME = "$(TARGET_NAME)";
			};
			name = Release;
		};
		62F9528A1AF9AD4900D63977 /* Debug */ = {
			isa = XCBuildConfiguration;
			buildSettings = {
				BUNDLE_LOADER = "$(TEST_HOST)";
				FRAMEWORK_SEARCH_PATHS = (
					"$(SDKROOT)/Developer/Library/Frameworks",
					"$(inherited)",
				);
				GCC_PREPROCESSOR_DEFINITIONS = (
					"DEBUG=1",
					"$(inherited)",
				);
				INFOPLIST_FILE = MapTrackTests/Info.plist;
				LD_RUNPATH_SEARCH_PATHS = "$(inherited) @executable_path/Frameworks @loader_path/Frameworks";
				PRODUCT_NAME = "$(TARGET_NAME)";
				TEST_HOST = "$(BUILT_PRODUCTS_DIR)/MapTrack.app/MapTrack";
			};
			name = Debug;
		};
		62F9528B1AF9AD4900D63977 /* Release */ = {
			isa = XCBuildConfiguration;
			buildSettings = {
				BUNDLE_LOADER = "$(TEST_HOST)";
				FRAMEWORK_SEARCH_PATHS = (
					"$(SDKROOT)/Developer/Library/Frameworks",
					"$(inherited)",
				);
				INFOPLIST_FILE = MapTrackTests/Info.plist;
				LD_RUNPATH_SEARCH_PATHS = "$(inherited) @executable_path/Frameworks @loader_path/Frameworks";
				PRODUCT_NAME = "$(TARGET_NAME)";
				TEST_HOST = "$(BUILT_PRODUCTS_DIR)/MapTrack.app/MapTrack";
			};
			name = Release;
		};
/* End XCBuildConfiguration section */

/* Begin XCConfigurationList section */
		62F9525E1AF9AD4900D63977 /* Build configuration list for PBXProject "MapTrack" */ = {
			isa = XCConfigurationList;
			buildConfigurations = (
				62F952841AF9AD4900D63977 /* Debug */,
				62F952851AF9AD4900D63977 /* Release */,
			);
			defaultConfigurationIsVisible = 0;
			defaultConfigurationName = Release;
		};
		62F952861AF9AD4900D63977 /* Build configuration list for PBXNativeTarget "MapTrack" */ = {
			isa = XCConfigurationList;
			buildConfigurations = (
				62F952871AF9AD4900D63977 /* Debug */,
				62F952881AF9AD4900D63977 /* Release */,
			);
			defaultConfigurationIsVisible = 0;
			defaultConfigurationName = Release;
		};
		62F952891AF9AD4900D63977 /* Build configuration list for PBXNativeTarget "MapTrackTests" */ = {
			isa = XCConfigurationList;
			buildConfigurations = (
				62F9528A1AF9AD4900D63977 /* Debug */,
				62F9528B1AF9AD4900D63977 /* Release */,
			);
			defaultConfigurationIsVisible = 0;
			defaultConfigurationName = Release;
		};
/* End XCConfigurationList section */
	};
	rootObject = 62F9525B1AF9AD4900D63977 /* Project object */;
}
